lockfileVersion: 5.4

specifiers:
  bootstrap: ^5.2.3

dependencies:
  bootstrap: 5.2.3

packages:

  /bootstrap/5.2.3:
    resolution: {integrity: sha512-cEKPM+fwb3cT8NzQZYEu4HilJ3anCrWqh3CHAok1p9jXqMPsPTBhU25fBckEJHJ/p+tTxTFTsFQGM+gaHpi3QQ==}
    peerDependencies:
      '@popperjs/core': ^2.11.6
    dev: false
